
Microsoft Visual Studio Solution File, Format Version 12.00
# Visual Studio 2013
VisualStudioVersion = 12.0.30723.0
MinimumVisualStudioVersion = 10.0.40219.1
Project("{2150E333-8FDC-42A3-9474-1A3956D46DE8}") = "Engine", "Engine", "{ACE6C91C-9C5D-4B8E-8114-12ADB6B8FFD7}"
EndProject
Project("{2150E333-8FDC-42A3-9474-1A3956D46DE8}") = "Games", "Games", "{DB10D7D2-D394-4D35-80DD-B859092F97E0}"
EndProject
Project("{8BC9CEB8-8B4A-11D0-8D11-00A0C91BC942}") = "UE4", "Intermediate\ProjectFiles\UE4.vcxproj", "{DF578E7C-A18B-4B26-A912-260A1E704862}"
EndProject
Project("{8BC9CEB8-8B4A-11D0-8D11-00A0C91BC942}") = "TowardsTheLight", "Intermediate\ProjectFiles\TowardsTheLight.vcxproj", "{81022FA6-1191-4965-90DB-5E8EC2007BCB}"
EndProject
Global
	GlobalSection(SolutionConfigurationPlatforms) = preSolution
		DebugGame Editor|Android = DebugGame Editor|Android
		DebugGame Editor|Win32 = DebugGame Editor|Win32
		DebugGame Editor|Win64 = DebugGame Editor|Win64
		DebugGame|Android = DebugGame|Android
		DebugGame|Win32 = DebugGame|Win32
		DebugGame|Win64 = DebugGame|Win64
		Development Editor|Android = Development Editor|Android
		Development Editor|Win32 = Development Editor|Win32
		Development Editor|Win64 = Development Editor|Win64
		Development|Android = Development|Android
		Development|Win32 = Development|Win32
		Development|Win64 = Development|Win64
		Shipping|Android = Shipping|Android
		Shipping|Win32 = Shipping|Win32
		Shipping|Win64 = Shipping|Win64
	EndGlobalSection
	GlobalSection(ProjectConfigurationPlatforms) = postSolution
		{DF578E7C-A18B-4B26-A912-260A1E704862}.DebugGame Editor|Android.ActiveCfg = BuiltWithUnrealBuildTool|Win32
		{DF578E7C-A18B-4B26-A912-260A1E704862}.DebugGame Editor|Win32.ActiveCfg = BuiltWithUnrealBuildTool|Win32
		{DF578E7C-A18B-4B26-A912-260A1E704862}.DebugGame Editor|Win32.Build.0 = BuiltWithUnrealBuildTool|Win32
		{DF578E7C-A18B-4B26-A912-260A1E704862}.DebugGame Editor|Win64.ActiveCfg = BuiltWithUnrealBuildTool|Win32
		{DF578E7C-A18B-4B26-A912-260A1E704862}.DebugGame|Android.ActiveCfg = BuiltWithUnrealBuildTool|Win32
		{DF578E7C-A18B-4B26-A912-260A1E704862}.DebugGame|Win32.ActiveCfg = BuiltWithUnrealBuildTool|Win32
		{DF578E7C-A18B-4B26-A912-260A1E704862}.DebugGame|Win32.Build.0 = BuiltWithUnrealBuildTool|Win32
		{DF578E7C-A18B-4B26-A912-260A1E704862}.DebugGame|Win64.ActiveCfg = BuiltWithUnrealBuildTool|Win32
		{DF578E7C-A18B-4B26-A912-260A1E704862}.Development Editor|Android.ActiveCfg = BuiltWithUnrealBuildTool|Win32
		{DF578E7C-A18B-4B26-A912-260A1E704862}.Development Editor|Win32.ActiveCfg = BuiltWithUnrealBuildTool|Win32
		{DF578E7C-A18B-4B26-A912-260A1E704862}.Development Editor|Win32.Build.0 = BuiltWithUnrealBuildTool|Win32
		{DF578E7C-A18B-4B26-A912-260A1E704862}.Development Editor|Win64.ActiveCfg = BuiltWithUnrealBuildTool|Win32
		{DF578E7C-A18B-4B26-A912-260A1E704862}.Development|Android.ActiveCfg = BuiltWithUnrealBuildTool|Win32
		{DF578E7C-A18B-4B26-A912-260A1E704862}.Development|Win32.ActiveCfg = BuiltWithUnrealBuildTool|Win32
		{DF578E7C-A18B-4B26-A912-260A1E704862}.Development|Win32.Build.0 = BuiltWithUnrealBuildTool|Win32
		{DF578E7C-A18B-4B26-A912-260A1E704862}.Development|Win64.ActiveCfg = BuiltWithUnrealBuildTool|Win32
		{DF578E7C-A18B-4B26-A912-260A1E704862}.Shipping|Android.ActiveCfg = BuiltWithUnrealBuildTool|Win32
		{DF578E7C-A18B-4B26-A912-260A1E704862}.Shipping|Win32.ActiveCfg = BuiltWithUnrealBuildTool|Win32
		{DF578E7C-A18B-4B26-A912-260A1E704862}.Shipping|Win32.Build.0 = BuiltWithUnrealBuildTool|Win32
		{DF578E7C-A18B-4B26-A912-260A1E704862}.Shipping|Win64.ActiveCfg = BuiltWithUnrealBuildTool|Win32
		{81022FA6-1191-4965-90DB-5E8EC2007BCB}.DebugGame Editor|Android.ActiveCfg = DebugGame_Game|Win32
		{81022FA6-1191-4965-90DB-5E8EC2007BCB}.DebugGame Editor|Win32.ActiveCfg = DebugGame_Editor|Win32
		{81022FA6-1191-4965-90DB-5E8EC2007BCB}.DebugGame Editor|Win32.Build.0 = DebugGame_Editor|Win32
		{81022FA6-1191-4965-90DB-5E8EC2007BCB}.DebugGame Editor|Win64.ActiveCfg = DebugGame_Editor|x64
		{81022FA6-1191-4965-90DB-5E8EC2007BCB}.DebugGame Editor|Win64.Build.0 = DebugGame_Editor|x64
		{81022FA6-1191-4965-90DB-5E8EC2007BCB}.DebugGame|Android.ActiveCfg = DebugGame_Game|Win32
		{81022FA6-1191-4965-90DB-5E8EC2007BCB}.DebugGame|Win32.ActiveCfg = DebugGame_Game|Win32
		{81022FA6-1191-4965-90DB-5E8EC2007BCB}.DebugGame|Win32.Build.0 = DebugGame_Game|Win32
		{81022FA6-1191-4965-90DB-5E8EC2007BCB}.DebugGame|Win64.ActiveCfg = DebugGame_Game|x64
		{81022FA6-1191-4965-90DB-5E8EC2007BCB}.DebugGame|Win64.Build.0 = DebugGame_Game|x64
		{81022FA6-1191-4965-90DB-5E8EC2007BCB}.Development Editor|Android.ActiveCfg = Development_Game|Win32
		{81022FA6-1191-4965-90DB-5E8EC2007BCB}.Development Editor|Win32.ActiveCfg = Development_Editor|Win32
		{81022FA6-1191-4965-90DB-5E8EC2007BCB}.Development Editor|Win32.Build.0 = Development_Editor|Win32
		{81022FA6-1191-4965-90DB-5E8EC2007BCB}.Development Editor|Win64.ActiveCfg = Development_Editor|x64
		{81022FA6-1191-4965-90DB-5E8EC2007BCB}.Development Editor|Win64.Build.0 = Development_Editor|x64
		{81022FA6-1191-4965-90DB-5E8EC2007BCB}.Development|Android.ActiveCfg = Development_Game|Win32
		{81022FA6-1191-4965-90DB-5E8EC2007BCB}.Development|Win32.ActiveCfg = Development_Game|Win32
		{81022FA6-1191-4965-90DB-5E8EC2007BCB}.Development|Win32.Build.0 = Development_Game|Win32
		{81022FA6-1191-4965-90DB-5E8EC2007BCB}.Development|Win64.ActiveCfg = Development_Game|x64
		{81022FA6-1191-4965-90DB-5E8EC2007BCB}.Development|Win64.Build.0 = Development_Game|x64
		{81022FA6-1191-4965-90DB-5E8EC2007BCB}.Shipping|Android.ActiveCfg = Shipping_Game|Win32
		{81022FA6-1191-4965-90DB-5E8EC2007BCB}.Shipping|Win32.ActiveCfg = Shipping_Game|Win32
		{81022FA6-1191-4965-90DB-5E8EC2007BCB}.Shipping|Win32.Build.0 = Shipping_Game|Win32
		{81022FA6-1191-4965-90DB-5E8EC2007BCB}.Shipping|Win64.ActiveCfg = Shipping_Game|x64
		{81022FA6-1191-4965-90DB-5E8EC2007BCB}.Shipping|Win64.Build.0 = Shipping_Game|x64
	EndGlobalSection
	GlobalSection(SolutionProperties) = preSolution
		HideSolutionNode = FALSE
	EndGlobalSection
	GlobalSection(NestedProjects) = preSolution
		{DF578E7C-A18B-4B26-A912-260A1E704862} = {ACE6C91C-9C5D-4B8E-8114-12ADB6B8FFD7}
		{81022FA6-1191-4965-90DB-5E8EC2007BCB} = {DB10D7D2-D394-4D35-80DD-B859092F97E0}
	EndGlobalSection
EndGlobal
